
Microsoft Visual Studio Solution File, Format Version 12.00
# Visual Studio Version 17
VisualStudioVersion = 17.0.31903.59
MinimumVisualStudioVersion = 10.0.40219.1
Project("{9A19103F-16F7-4668-BE54-9A1E7A4F7556}") = "DG.CLI.Linux", "DG.CLI\DG.CLI.Linux.csproj", "{8BA2227B-31F4-466E-B104-7B15454A0E65}"
EndProject
Project("{9A19103F-16F7-4668-BE54-9A1E7A4F7556}") = "DG.Core.Linux", "DG.Core\DG.Core.Linux.csproj", "{1D7AFE2A-B292-4BE4-AE2A-06000E6779D9}"
EndProject
Project("{9A19103F-16F7-4668-BE54-9A1E7A4F7556}") = "DG.Assets.Linux", "DG.Assets\DG.Assets.Linux.csproj", "{1F4322E1-63A9-4F75-A26F-67EC14000ADF}"
EndProject
Global
	GlobalSection(SolutionConfigurationPlatforms) = preSolution
		Debug|Any CPU = Debug|Any CPU
		Release|Any CPU = Release|Any CPU
	EndGlobalSection
	GlobalSection(ProjectConfigurationPlatforms) = postSolution
		{8BA2227B-31F4-466E-B104-7B15454A0E65}.Debug|Any CPU.ActiveCfg = Debug|Any CPU
		{8BA2227B-31F4-466E-B104-7B15454A0E65}.Debug|Any CPU.Build.0 = Debug|Any CPU
		{8BA2227B-31F4-466E-B104-7B15454A0E65}.Release|Any CPU.ActiveCfg = Release|Any CPU
		{8BA2227B-31F4-466E-B104-7B15454A0E65}.Release|Any CPU.Build.0 = Release|Any CPU
		{1D7AFE2A-B292-4BE4-AE2A-06000E6779D9}.Debug|Any CPU.ActiveCfg = Debug|Any CPU
		{1D7AFE2A-B292-4BE4-AE2A-06000E6779D9}.Debug|Any CPU.Build.0 = Debug|Any CPU
		{1D7AFE2A-B292-4BE4-AE2A-06000E6779D9}.Release|Any CPU.ActiveCfg = Release|Any CPU
		{1D7AFE2A-B292-4BE4-AE2A-06000E6779D9}.Release|Any CPU.Build.0 = Release|Any CPU
		{1F4322E1-63A9-4F75-A26F-67EC14000ADF}.Debug|Any CPU.ActiveCfg = Debug|Any CPU
		{1F4322E1-63A9-4F75-A26F-67EC14000ADF}.Debug|Any CPU.Build.0 = Debug|Any CPU
		{1F4322E1-63A9-4F75-A26F-67EC14000ADF}.Release|Any CPU.ActiveCfg = Release|Any CPU
		{1F4322E1-63A9-4F75-A26F-67EC14000ADF}.Release|Any CPU.Build.0 = Release|Any CPU
	EndGlobalSection
	GlobalSection(SolutionProperties) = preSolution
		HideSolutionNode = FALSE
	EndGlobalSection
EndGlobal
